
Microsoft Visual Studio Solution File, Format Version 12.00
# Visual Studio Version 16
VisualStudioVersion = 16.0.29123.88
MinimumVisualStudioVersion = 10.0.40219.1
Project("{FAE04EC0-301F-11D3-BF4B-00C04F79EFBC}") = "SharpNav.Examples", "SharpNav.Examples\SharpNav.Examples.csproj", "{BB34F8C4-CE09-44C1-9883-77B4EFBE371F}"
EndProject
Project("{2150E333-8FDC-42A3-9474-1A3956D46DE8}") = "Core", "Core", "{A5C64F11-C1AA-498F-92B9-BE306DE2ADB9}"
EndProject
Project("{2150E333-8FDC-42A3-9474-1A3956D46DE8}") = "Clients", "Clients", "{5F22FF9F-608C-4D67-841C-3B875E346C75}"
EndProject
Project("{FAE04EC0-301F-11D3-BF4B-00C04F79EFBC}") = "SharpNav.CLI", "SharpNav.CLI\SharpNav.CLI.csproj", "{AEAACF72-6EFE-4D9F-AEEB-8EF091B817CD}"
EndProject
Project("{FAE04EC0-301F-11D3-BF4B-00C04F79EFBC}") = "SharpNav.GUI", "SharpNav.GUI\SharpNav.GUI.csproj", "{7E95190C-3DDC-4A31-95A0-B17486519853}"
EndProject
Project("{9A19103F-16F7-4668-BE54-9A1E7A4F7556}") = "SharpNav.MonoGame", "SharpNav\SharpNav.MonoGame.csproj", "{E33EDB31-D130-4CF6-B4CA-67D72A3467FD}"
EndProject
Project("{9A19103F-16F7-4668-BE54-9A1E7A4F7556}") = "SharpNav.OpenTK", "SharpNav\SharpNav.OpenTK.csproj", "{ED91DD59-3F87-4105-BBAD-8D5A97435FBC}"
EndProject
Project("{9A19103F-16F7-4668-BE54-9A1E7A4F7556}") = "SharpNav.SharpDX", "SharpNav\SharpNav.SharpDX.csproj", "{09ECDE2B-3D4D-42E6-A815-F8A9401406CF}"
EndProject
Project("{9A19103F-16F7-4668-BE54-9A1E7A4F7556}") = "SharpNav", "SharpNav\SharpNav.csproj", "{84D0C33A-3287-4C1C-A2F9-B57EB8DEDDE5}"
EndProject
Global
	GlobalSection(SolutionConfigurationPlatforms) = preSolution
		Debug|Any CPU = Debug|Any CPU
		MonoGame|Any CPU = MonoGame|Any CPU
		OpenTK|Any CPU = OpenTK|Any CPU
		Release|Any CPU = Release|Any CPU
		SharpDX|Any CPU = SharpDX|Any CPU
		Standalone|Any CPU = Standalone|Any CPU
	EndGlobalSection
	GlobalSection(ProjectConfigurationPlatforms) = postSolution
		{BB34F8C4-CE09-44C1-9883-77B4EFBE371F}.Debug|Any CPU.ActiveCfg = Debug|Any CPU
		{BB34F8C4-CE09-44C1-9883-77B4EFBE371F}.Debug|Any CPU.Build.0 = Debug|Any CPU
		{BB34F8C4-CE09-44C1-9883-77B4EFBE371F}.MonoGame|Any CPU.ActiveCfg = Standalone|Any CPU
		{BB34F8C4-CE09-44C1-9883-77B4EFBE371F}.OpenTK|Any CPU.ActiveCfg = OpenTK|Any CPU
		{BB34F8C4-CE09-44C1-9883-77B4EFBE371F}.OpenTK|Any CPU.Build.0 = OpenTK|Any CPU
		{BB34F8C4-CE09-44C1-9883-77B4EFBE371F}.Release|Any CPU.ActiveCfg = OpenTK|Any CPU
		{BB34F8C4-CE09-44C1-9883-77B4EFBE371F}.Release|Any CPU.Build.0 = OpenTK|Any CPU
		{BB34F8C4-CE09-44C1-9883-77B4EFBE371F}.SharpDX|Any CPU.ActiveCfg = Standalone|Any CPU
		{BB34F8C4-CE09-44C1-9883-77B4EFBE371F}.Standalone|Any CPU.ActiveCfg = Standalone|Any CPU
		{BB34F8C4-CE09-44C1-9883-77B4EFBE371F}.Standalone|Any CPU.Build.0 = Standalone|Any CPU
		{AEAACF72-6EFE-4D9F-AEEB-8EF091B817CD}.Debug|Any CPU.ActiveCfg = Debug|Any CPU
		{AEAACF72-6EFE-4D9F-AEEB-8EF091B817CD}.Debug|Any CPU.Build.0 = Debug|Any CPU
		{AEAACF72-6EFE-4D9F-AEEB-8EF091B817CD}.MonoGame|Any CPU.ActiveCfg = Standalone|Any CPU
		{AEAACF72-6EFE-4D9F-AEEB-8EF091B817CD}.OpenTK|Any CPU.ActiveCfg = Standalone|Any CPU
		{AEAACF72-6EFE-4D9F-AEEB-8EF091B817CD}.Release|Any CPU.ActiveCfg = Standalone|Any CPU
		{AEAACF72-6EFE-4D9F-AEEB-8EF091B817CD}.Release|Any CPU.Build.0 = Standalone|Any CPU
		{AEAACF72-6EFE-4D9F-AEEB-8EF091B817CD}.SharpDX|Any CPU.ActiveCfg = Standalone|Any CPU
		{AEAACF72-6EFE-4D9F-AEEB-8EF091B817CD}.Standalone|Any CPU.ActiveCfg = Standalone|Any CPU
		{AEAACF72-6EFE-4D9F-AEEB-8EF091B817CD}.Standalone|Any CPU.Build.0 = Standalone|Any CPU
		{7E95190C-3DDC-4A31-95A0-B17486519853}.Debug|Any CPU.ActiveCfg = Debug|Any CPU
		{7E95190C-3DDC-4A31-95A0-B17486519853}.Debug|Any CPU.Build.0 = Debug|Any CPU
		{7E95190C-3DDC-4A31-95A0-B17486519853}.MonoGame|Any CPU.ActiveCfg = Standalone|Any CPU
		{7E95190C-3DDC-4A31-95A0-B17486519853}.OpenTK|Any CPU.ActiveCfg = Standalone|Any CPU
		{7E95190C-3DDC-4A31-95A0-B17486519853}.Release|Any CPU.ActiveCfg = Standalone|Any CPU
		{7E95190C-3DDC-4A31-95A0-B17486519853}.Release|Any CPU.Build.0 = Standalone|Any CPU
		{7E95190C-3DDC-4A31-95A0-B17486519853}.SharpDX|Any CPU.ActiveCfg = Standalone|Any CPU
		{7E95190C-3DDC-4A31-95A0-B17486519853}.Standalone|Any CPU.ActiveCfg = Standalone|Any CPU
		{7E95190C-3DDC-4A31-95A0-B17486519853}.Standalone|Any CPU.Build.0 = Standalone|Any CPU
		{E33EDB31-D130-4CF6-B4CA-67D72A3467FD}.Debug|Any CPU.ActiveCfg = Debug|Any CPU
		{E33EDB31-D130-4CF6-B4CA-67D72A3467FD}.Debug|Any CPU.Build.0 = Debug|Any CPU
		{E33EDB31-D130-4CF6-B4CA-67D72A3467FD}.MonoGame|Any CPU.ActiveCfg = Debug|Any CPU
		{E33EDB31-D130-4CF6-B4CA-67D72A3467FD}.MonoGame|Any CPU.Build.0 = Debug|Any CPU
		{E33EDB31-D130-4CF6-B4CA-67D72A3467FD}.OpenTK|Any CPU.ActiveCfg = Debug|Any CPU
		{E33EDB31-D130-4CF6-B4CA-67D72A3467FD}.OpenTK|Any CPU.Build.0 = Debug|Any CPU
		{E33EDB31-D130-4CF6-B4CA-67D72A3467FD}.Release|Any CPU.ActiveCfg = Release|Any CPU
		{E33EDB31-D130-4CF6-B4CA-67D72A3467FD}.Release|Any CPU.Build.0 = Release|Any CPU
		{E33EDB31-D130-4CF6-B4CA-67D72A3467FD}.SharpDX|Any CPU.ActiveCfg = Debug|Any CPU
		{E33EDB31-D130-4CF6-B4CA-67D72A3467FD}.SharpDX|Any CPU.Build.0 = Debug|Any CPU
		{E33EDB31-D130-4CF6-B4CA-67D72A3467FD}.Standalone|Any CPU.ActiveCfg = Debug|Any CPU
		{E33EDB31-D130-4CF6-B4CA-67D72A3467FD}.Standalone|Any CPU.Build.0 = Debug|Any CPU
		{ED91DD59-3F87-4105-BBAD-8D5A97435FBC}.Debug|Any CPU.ActiveCfg = Debug|Any CPU
		{ED91DD59-3F87-4105-BBAD-8D5A97435FBC}.Debug|Any CPU.Build.0 = Debug|Any CPU
		{ED91DD59-3F87-4105-BBAD-8D5A97435FBC}.MonoGame|Any CPU.ActiveCfg = Debug|Any CPU
		{ED91DD59-3F87-4105-BBAD-8D5A97435FBC}.MonoGame|Any CPU.Build.0 = Debug|Any CPU
		{ED91DD59-3F87-4105-BBAD-8D5A97435FBC}.OpenTK|Any CPU.ActiveCfg = Debug|Any CPU
		{ED91DD59-3F87-4105-BBAD-8D5A97435FBC}.OpenTK|Any CPU.Build.0 = Debug|Any CPU
		{ED91DD59-3F87-4105-BBAD-8D5A97435FBC}.Release|Any CPU.ActiveCfg = Release|Any CPU
		{ED91DD59-3F87-4105-BBAD-8D5A97435FBC}.Release|Any CPU.Build.0 = Release|Any CPU
		{ED91DD59-3F87-4105-BBAD-8D5A97435FBC}.SharpDX|Any CPU.ActiveCfg = Debug|Any CPU
		{ED91DD59-3F87-4105-BBAD-8D5A97435FBC}.SharpDX|Any CPU.Build.0 = Debug|Any CPU
		{ED91DD59-3F87-4105-BBAD-8D5A97435FBC}.Standalone|Any CPU.ActiveCfg = Debug|Any CPU
		{ED91DD59-3F87-4105-BBAD-8D5A97435FBC}.Standalone|Any CPU.Build.0 = Debug|Any CPU
		{09ECDE2B-3D4D-42E6-A815-F8A9401406CF}.Debug|Any CPU.ActiveCfg = Debug|Any CPU
		{09ECDE2B-3D4D-42E6-A815-F8A9401406CF}.Debug|Any CPU.Build.0 = Debug|Any CPU
		{09ECDE2B-3D4D-42E6-A815-F8A9401406CF}.MonoGame|Any CPU.ActiveCfg = Debug|Any CPU
		{09ECDE2B-3D4D-42E6-A815-F8A9401406CF}.MonoGame|Any CPU.Build.0 = Debug|Any CPU
		{09ECDE2B-3D4D-42E6-A815-F8A9401406CF}.OpenTK|Any CPU.ActiveCfg = Debug|Any CPU
		{09ECDE2B-3D4D-42E6-A815-F8A9401406CF}.OpenTK|Any CPU.Build.0 = Debug|Any CPU
		{09ECDE2B-3D4D-42E6-A815-F8A9401406CF}.Release|Any CPU.ActiveCfg = Release|Any CPU
		{09ECDE2B-3D4D-42E6-A815-F8A9401406CF}.Release|Any CPU.Build.0 = Release|Any CPU
		{09ECDE2B-3D4D-42E6-A815-F8A9401406CF}.SharpDX|Any CPU.ActiveCfg = Debug|Any CPU
		{09ECDE2B-3D4D-42E6-A815-F8A9401406CF}.SharpDX|Any CPU.Build.0 = Debug|Any CPU
		{09ECDE2B-3D4D-42E6-A815-F8A9401406CF}.Standalone|Any CPU.ActiveCfg = Debug|Any CPU
		{09ECDE2B-3D4D-42E6-A815-F8A9401406CF}.Standalone|Any CPU.Build.0 = Debug|Any CPU
		{84D0C33A-3287-4C1C-A2F9-B57EB8DEDDE5}.Debug|Any CPU.ActiveCfg = Debug|Any CPU
		{84D0C33A-3287-4C1C-A2F9-B57EB8DEDDE5}.Debug|Any CPU.Build.0 = Debug|Any CPU
		{84D0C33A-3287-4C1C-A2F9-B57EB8DEDDE5}.MonoGame|Any CPU.ActiveCfg = Debug|Any CPU
		{84D0C33A-3287-4C1C-A2F9-B57EB8DEDDE5}.MonoGame|Any CPU.Build.0 = Debug|Any CPU
		{84D0C33A-3287-4C1C-A2F9-B57EB8DEDDE5}.OpenTK|Any CPU.ActiveCfg = Debug|Any CPU
		{84D0C33A-3287-4C1C-A2F9-B57EB8DEDDE5}.OpenTK|Any CPU.Build.0 = Debug|Any CPU
		{84D0C33A-3287-4C1C-A2F9-B57EB8DEDDE5}.Release|Any CPU.ActiveCfg = Release|Any CPU
		{84D0C33A-3287-4C1C-A2F9-B57EB8DEDDE5}.Release|Any CPU.Build.0 = Release|Any CPU
		{84D0C33A-3287-4C1C-A2F9-B57EB8DEDDE5}.SharpDX|Any CPU.ActiveCfg = Debug|Any CPU
		{84D0C33A-3287-4C1C-A2F9-B57EB8DEDDE5}.SharpDX|Any CPU.Build.0 = Debug|Any CPU
		{84D0C33A-3287-4C1C-A2F9-B57EB8DEDDE5}.Standalone|Any CPU.ActiveCfg = Debug|Any CPU
		{84D0C33A-3287-4C1C-A2F9-B57EB8DEDDE5}.Standalone|Any CPU.Build.0 = Debug|Any CPU
	EndGlobalSection
	GlobalSection(SolutionProperties) = preSolution
		HideSolutionNode = FALSE
	EndGlobalSection
	GlobalSection(NestedProjects) = preSolution
		{AEAACF72-6EFE-4D9F-AEEB-8EF091B817CD} = {5F22FF9F-608C-4D67-841C-3B875E346C75}
		{7E95190C-3DDC-4A31-95A0-B17486519853} = {5F22FF9F-608C-4D67-841C-3B875E346C75}
		{E33EDB31-D130-4CF6-B4CA-67D72A3467FD} = {A5C64F11-C1AA-498F-92B9-BE306DE2ADB9}
		{ED91DD59-3F87-4105-BBAD-8D5A97435FBC} = {A5C64F11-C1AA-498F-92B9-BE306DE2ADB9}
		{09ECDE2B-3D4D-42E6-A815-F8A9401406CF} = {A5C64F11-C1AA-498F-92B9-BE306DE2ADB9}
		{84D0C33A-3287-4C1C-A2F9-B57EB8DEDDE5} = {A5C64F11-C1AA-498F-92B9-BE306DE2ADB9}
	EndGlobalSection
	GlobalSection(ExtensibilityGlobals) = postSolution
		SolutionGuid = {54091F10-2959-4605-9BCD-F216F8D6F3BE}
	EndGlobalSection
	GlobalSection(MonoDevelopProperties) = preSolution
		StartupItem = SharpNavEditor\SharpNavEditor.csproj
	EndGlobalSection
EndGlobal
